
Microsoft Visual Studio Solution File, Format Version 12.00
# Visual Studio 2012
Project("{FAE04EC0-301F-11D3-BF4B-00C04F79EFBC}") = "Studio.Mobile", "Studio.Mobile\Studio.Mobile.csproj", "{FA7EA27F-4949-4A8A-8785-49EEF0B05B49}"
EndProject
Global
	GlobalSection(SolutionConfigurationPlatforms) = preSolution
		Debug|Any CPU = Debug|Any CPU
		Release|Any CPU = Release|Any CPU
	EndGlobalSection
	GlobalSection(ProjectConfigurationPlatforms) = postSolution
		{FA7EA27F-4949-4A8A-8785-49EEF0B05B49}.Debug|Any CPU.ActiveCfg = Debug|Any CPU
		{FA7EA27F-4949-4A8A-8785-49EEF0B05B49}.Debug|Any CPU.Build.0 = Debug|Any CPU
		{FA7EA27F-4949-4A8A-8785-49EEF0B05B49}.Release|Any CPU.ActiveCfg = Release|Any CPU
		{FA7EA27F-4949-4A8A-8785-49EEF0B05B49}.Release|Any CPU.Build.0 = Release|Any CPU
	EndGlobalSection
	GlobalSection(SolutionProperties) = preSolution
		HideSolutionNode = FALSE
	EndGlobalSection
EndGlobal
